// !$*UTF8*$!
{
	archiveVersion = 1;
	classes = {
	};
	objectVersion = 46;
	objects = {

/* Begin PBXBuildFile section */
		3D01228A1C3B9290001FB7E2 /* AppDelegate.swift in Sources */ = {isa = PBXBuildFile; fileRef = 3D0122891C3B9290001FB7E2 /* AppDelegate.swift */; };
		3D01228C1C3B9290001FB7E2 /* Assets.xcassets in Resources */ = {isa = PBXBuildFile; fileRef = 3D01228B1C3B9290001FB7E2 /* Assets.xcassets */; };
		3D01228F1C3B9290001FB7E2 /* MainMenu.xib in Resources */ = {isa = PBXBuildFile; fileRef = 3D01228D1C3B9290001FB7E2 /* MainMenu.xib */; };
		3D01229A1C3B9290001FB7E2 /* PomodoroTests.swift in Sources */ = {isa = PBXBuildFile; fileRef = 3D0122991C3B9290001FB7E2 /* PomodoroTests.swift */; };
		3D0122A51C3B9290001FB7E2 /* PomodoroUITests.swift in Sources */ = {isa = PBXBuildFile; fileRef = 3D0122A41C3B9290001FB7E2 /* PomodoroUITests.swift */; };
		3D0122B31C3B9343001FB7E2 /* StatusItemController.swift in Sources */ = {isa = PBXBuildFile; fileRef = 3D0122B21C3B9343001FB7E2 /* StatusItemController.swift */; };
		3D0122B51C3B9B9C001FB7E2 /* MenuItem.swift in Sources */ = {isa = PBXBuildFile; fileRef = 3D0122B41C3B9B9C001FB7E2 /* MenuItem.swift */; };
		3D0122B71C3CD33A001FB7E2 /* Menu.swift in Sources */ = {isa = PBXBuildFile; fileRef = 3D0122B61C3CD33A001FB7E2 /* Menu.swift */; };
		3D0122BB1C3CDB52001FB7E2 /* PomodoroController.swift in Sources */ = {isa = PBXBuildFile; fileRef = 3D0122BA1C3CDB52001FB7E2 /* PomodoroController.swift */; };
		3D7B91281C4DF0FB00684363 /* AudioController.swift in Sources */ = {isa = PBXBuildFile; fileRef = 3D7B91271C4DF0FB00684363 /* AudioController.swift */; };
		3D7B912B1C4DF60B00684363 /* Interstellar.framework in Frameworks */ = {isa = PBXBuildFile; fileRef = 3D7B912A1C4DF60B00684363 /* Interstellar.framework */; };
		3D7B912C1C4DF60B00684363 /* Interstellar.framework in Embed Frameworks */ = {isa = PBXBuildFile; fileRef = 3D7B912A1C4DF60B00684363 /* Interstellar.framework */; settings = {ATTRIBUTES = (CodeSignOnCopy, RemoveHeadersOnCopy, ); }; };
		3D9EFC3A1C44CE10006B44B5 /* Mute_Metal.aiff in Resources */ = {isa = PBXBuildFile; fileRef = 3D9EFC391C44CE10006B44B5 /* Mute_Metal.aiff */; };
/* End PBXBuildFile section */

/* Begin PBXContainerItemProxy section */
		3D0122961C3B9290001FB7E2 /* PBXContainerItemProxy */ = {
			isa = PBXContainerItemProxy;
			containerPortal = 3D01227E1C3B9290001FB7E2 /* Project object */;
			proxyType = 1;
			remoteGlobalIDString = 3D0122851C3B9290001FB7E2;
			remoteInfo = Pomodoro;
		};
		3D0122A11C3B9290001FB7E2 /* PBXContainerItemProxy */ = {
			isa = PBXContainerItemProxy;
			containerPortal = 3D01227E1C3B9290001FB7E2 /* Project object */;
			proxyType = 1;
			remoteGlobalIDString = 3D0122851C3B9290001FB7E2;
			remoteInfo = Pomodoro;
		};
/* End PBXContainerItemProxy section */

/* Begin PBXCopyFilesBuildPhase section */
		3D7B912D1C4DF60C00684363 /* Embed Frameworks */ = {
			isa = PBXCopyFilesBuildPhase;
			buildActionMask = 2147483647;
			dstPath = "";
			dstSubfolderSpec = 10;
			files = (
				3D7B912C1C4DF60B00684363 /* Interstellar.framework in Embed Frameworks */,
			);
			name = "Embed Frameworks";
			runOnlyForDeploymentPostprocessing = 0;
		};
/* End PBXCopyFilesBuildPhase section */

/* Begin PBXFileReference section */
		3D0122861C3B9290001FB7E2 /* Pomodoro.app */ = {isa = PBXFileReference; explicitFileType = wrapper.application; includeInIndex = 0; path = Pomodoro.app; sourceTree = BUILT_PRODUCTS_DIR; };
		3D0122891C3B9290001FB7E2 /* AppDelegate.swift */ = {isa = PBXFileReference; lastKnownFileType = sourcecode.swift; path = AppDelegate.swift; sourceTree = "<group>"; };
		3D01228B1C3B9290001FB7E2 /* Assets.xcassets */ = {isa = PBXFileReference; lastKnownFileType = folder.assetcatalog; path = Assets.xcassets; sourceTree = "<group>"; };
		3D01228E1C3B9290001FB7E2 /* Base */ = {isa = PBXFileReference; lastKnownFileType = file.xib; name = Base; path = Base.lproj/MainMenu.xib; sourceTree = "<group>"; };
		3D0122901C3B9290001FB7E2 /* Info.plist */ = {isa = PBXFileReference; lastKnownFileType = text.plist.xml; path = Info.plist; sourceTree = "<group>"; };
		3D0122951C3B9290001FB7E2 /* PomodoroTests.xctest */ = {isa = PBXFileReference; explicitFileType = wrapper.cfbundle; includeInIndex = 0; path = PomodoroTests.xctest; sourceTree = BUILT_PRODUCTS_DIR; };
		3D0122991C3B9290001FB7E2 /* PomodoroTests.swift */ = {isa = PBXFileReference; lastKnownFileType = sourcecode.swift; path = PomodoroTests.swift; sourceTree = "<group>"; };
		3D01229B1C3B9290001FB7E2 /* Info.plist */ = {isa = PBXFileReference; lastKnownFileType = text.plist.xml; path = Info.plist; sourceTree = "<group>"; };
		3D0122A01C3B9290001FB7E2 /* PomodoroUITests.xctest */ = {isa = PBXFileReference; explicitFileType = wrapper.cfbundle; includeInIndex = 0; path = PomodoroUITests.xctest; sourceTree = BUILT_PRODUCTS_DIR; };
		3D0122A41C3B9290001FB7E2 /* PomodoroUITests.swift */ = {isa = PBXFileReference; lastKnownFileType = sourcecode.swift; path = PomodoroUITests.swift; sourceTree = "<group>"; };
		3D0122A61C3B9290001FB7E2 /* Info.plist */ = {isa = PBXFileReference; lastKnownFileType = text.plist.xml; path = Info.plist; sourceTree = "<group>"; };
		3D0122B21C3B9343001FB7E2 /* StatusItemController.swift */ = {isa = PBXFileReference; fileEncoding = 4; lastKnownFileType = sourcecode.swift; path = StatusItemController.swift; sourceTree = "<group>"; };
		3D0122B41C3B9B9C001FB7E2 /* MenuItem.swift */ = {isa = PBXFileReference; fileEncoding = 4; lastKnownFileType = sourcecode.swift; path = MenuItem.swift; sourceTree = "<group>"; };
		3D0122B61C3CD33A001FB7E2 /* Menu.swift */ = {isa = PBXFileReference; fileEncoding = 4; lastKnownFileType = sourcecode.swift; path = Menu.swift; sourceTree = "<group>"; };
		3D0122BA1C3CDB52001FB7E2 /* PomodoroController.swift */ = {isa = PBXFileReference; fileEncoding = 4; lastKnownFileType = sourcecode.swift; path = PomodoroController.swift; sourceTree = "<group>"; };
		3D7B91271C4DF0FB00684363 /* AudioController.swift */ = {isa = PBXFileReference; fileEncoding = 4; lastKnownFileType = sourcecode.swift; path = AudioController.swift; sourceTree = "<group>"; };
		3D7B912A1C4DF60B00684363 /* Interstellar.framework */ = {isa = PBXFileReference; lastKnownFileType = wrapper.framework; name = Interstellar.framework; path = Carthage/Build/Mac/Interstellar.framework; sourceTree = "<group>"; };
		3D9EFC391C44CE10006B44B5 /* Mute_Metal.aiff */ = {isa = PBXFileReference; lastKnownFileType = audio.aiff; path = Mute_Metal.aiff; sourceTree = "<group>"; };
/* End PBXFileReference section */

/* Begin PBXFrameworksBuildPhase section */
		3D0122831C3B9290001FB7E2 /* Frameworks */ = {
			isa = PBXFrameworksBuildPhase;
			buildActionMask = 2147483647;
			files = (
				3D7B912B1C4DF60B00684363 /* Interstellar.framework in Frameworks */,
			);
			runOnlyForDeploymentPostprocessing = 0;
		};
		3D0122921C3B9290001FB7E2 /* Frameworks */ = {
			isa = PBXFrameworksBuildPhase;
			buildActionMask = 2147483647;
			files = (
			);
			runOnlyForDeploymentPostprocessing = 0;
		};
		3D01229D1C3B9290001FB7E2 /* Frameworks */ = {
			isa = PBXFrameworksBuildPhase;
			buildActionMask = 2147483647;
			files = (
			);
			runOnlyForDeploymentPostprocessing = 0;
		};
/* End PBXFrameworksBuildPhase section */

/* Begin PBXGroup section */
		3D01227D1C3B9290001FB7E2 = {
			isa = PBXGroup;
			children = (
				3D7B912E1C4DF61600684363 /* Frameworks */,
				3D0122881C3B9290001FB7E2 /* Pomodoro */,
				3D0122981C3B9290001FB7E2 /* PomodoroTests */,
				3D0122A31C3B9290001FB7E2 /* PomodoroUITests */,
				3D0122871C3B9290001FB7E2 /* Products */,
				3D7B91291C4DF35000684363 /* Resources */,
			);
			sourceTree = "<group>";
		};
		3D0122871C3B9290001FB7E2 /* Products */ = {
			isa = PBXGroup;
			children = (
				3D0122861C3B9290001FB7E2 /* Pomodoro.app */,
				3D0122951C3B9290001FB7E2 /* PomodoroTests.xctest */,
				3D0122A01C3B9290001FB7E2 /* PomodoroUITests.xctest */,
			);
			name = Products;
			sourceTree = "<group>";
		};
		3D0122881C3B9290001FB7E2 /* Pomodoro */ = {
			isa = PBXGroup;
			children = (
				3D0122891C3B9290001FB7E2 /* AppDelegate.swift */,
				3D01228B1C3B9290001FB7E2 /* Assets.xcassets */,
				3D7B91271C4DF0FB00684363 /* AudioController.swift */,
				3D0122901C3B9290001FB7E2 /* Info.plist */,
				3D01228D1C3B9290001FB7E2 /* MainMenu.xib */,
				3D0122B61C3CD33A001FB7E2 /* Menu.swift */,
				3D0122B41C3B9B9C001FB7E2 /* MenuItem.swift */,
				3D0122BA1C3CDB52001FB7E2 /* PomodoroController.swift */,
				3D0122B21C3B9343001FB7E2 /* StatusItemController.swift */,
			);
			path = Pomodoro;
			sourceTree = "<group>";
		};
		3D0122981C3B9290001FB7E2 /* PomodoroTests */ = {
			isa = PBXGroup;
			children = (
				3D0122991C3B9290001FB7E2 /* PomodoroTests.swift */,
				3D01229B1C3B9290001FB7E2 /* Info.plist */,
			);
			path = PomodoroTests;
			sourceTree = "<group>";
		};
		3D0122A31C3B9290001FB7E2 /* PomodoroUITests */ = {
			isa = PBXGroup;
			children = (
				3D0122A41C3B9290001FB7E2 /* PomodoroUITests.swift */,
				3D0122A61C3B9290001FB7E2 /* Info.plist */,
			);
			path = PomodoroUITests;
			sourceTree = "<group>";
		};
		3D7B91291C4DF35000684363 /* Resources */ = {
			isa = PBXGroup;
			children = (
				3D9EFC391C44CE10006B44B5 /* Mute_Metal.aiff */,
			);
			name = Resources;
			sourceTree = "<group>";
		};
		3D7B912E1C4DF61600684363 /* Frameworks */ = {
			isa = PBXGroup;
			children = (
				3D7B912A1C4DF60B00684363 /* Interstellar.framework */,
			);
			name = Frameworks;
			sourceTree = "<group>";
		};
/* End PBXGroup section */

/* Begin PBXNativeTarget section */
		3D0122851C3B9290001FB7E2 /* Pomodoro */ = {
			isa = PBXNativeTarget;
			buildConfigurationList = 3D0122A91C3B9290001FB7E2 /* Build configuration list for PBXNativeTarget "Pomodoro" */;
			buildPhases = (
				3D0122821C3B9290001FB7E2 /* Sources */,
				3D0122831C3B9290001FB7E2 /* Frameworks */,
				3D0122841C3B9290001FB7E2 /* Resources */,
				3D7B912D1C4DF60C00684363 /* Embed Frameworks */,
			);
			buildRules = (
			);
			dependencies = (
			);
			name = Pomodoro;
			productName = Pomodoro;
			productReference = 3D0122861C3B9290001FB7E2 /* Pomodoro.app */;
			productType = "com.apple.product-type.application";
		};
		3D0122941C3B9290001FB7E2 /* PomodoroTests */ = {
			isa = PBXNativeTarget;
			buildConfigurationList = 3D0122AC1C3B9290001FB7E2 /* Build configuration list for PBXNativeTarget "PomodoroTests" */;
			buildPhases = (
				3D0122911C3B9290001FB7E2 /* Sources */,
				3D0122921C3B9290001FB7E2 /* Frameworks */,
				3D0122931C3B9290001FB7E2 /* Resources */,
			);
			buildRules = (
			);
			dependencies = (
				3D0122971C3B9290001FB7E2 /* PBXTargetDependency */,
			);
			name = PomodoroTests;
			productName = PomodoroTests;
			productReference = 3D0122951C3B9290001FB7E2 /* PomodoroTests.xctest */;
			productType = "com.apple.product-type.bundle.unit-test";
		};
		3D01229F1C3B9290001FB7E2 /* PomodoroUITests */ = {
			isa = PBXNativeTarget;
			buildConfigurationList = 3D0122AF1C3B9290001FB7E2 /* Build configuration list for PBXNativeTarget "PomodoroUITests" */;
			buildPhases = (
				3D01229C1C3B9290001FB7E2 /* Sources */,
				3D01229D1C3B9290001FB7E2 /* Frameworks */,
				3D01229E1C3B9290001FB7E2 /* Resources */,
			);
			buildRules = (
			);
			dependencies = (
				3D0122A21C3B9290001FB7E2 /* PBXTargetDependency */,
			);
			name = PomodoroUITests;
			productName = PomodoroUITests;
			productReference = 3D0122A01C3B9290001FB7E2 /* PomodoroUITests.xctest */;
			productType = "com.apple.product-type.bundle.ui-testing";
		};
/* End PBXNativeTarget section */

/* Begin PBXProject section */
		3D01227E1C3B9290001FB7E2 /* Project object */ = {
			isa = PBXProject;
			attributes = {
				LastUpgradeCheck = 0710;
				ORGANIZATIONNAME = danielrhammond;
				TargetAttributes = {
					3D0122851C3B9290001FB7E2 = {
						CreatedOnToolsVersion = 7.1;
					};
					3D0122941C3B9290001FB7E2 = {
						CreatedOnToolsVersion = 7.1;
						TestTargetID = 3D0122851C3B9290001FB7E2;
					};
					3D01229F1C3B9290001FB7E2 = {
						CreatedOnToolsVersion = 7.1;
						TestTargetID = 3D0122851C3B9290001FB7E2;
					};
				};
			};
			buildConfigurationList = 3D0122811C3B9290001FB7E2 /* Build configuration list for PBXProject "Pomodoro" */;
			compatibilityVersion = "Xcode 3.2";
			developmentRegion = English;
			hasScannedForEncodings = 0;
			knownRegions = (
				en,
				Base,
			);
			mainGroup = 3D01227D1C3B9290001FB7E2;
			productRefGroup = 3D0122871C3B9290001FB7E2 /* Products */;
			projectDirPath = "";
			projectRoot = "";
			targets = (
				3D0122851C3B9290001FB7E2 /* Pomodoro */,
				3D0122941C3B9290001FB7E2 /* PomodoroTests */,
				3D01229F1C3B9290001FB7E2 /* PomodoroUITests */,
			);
		};
/* End PBXProject section */

/* Begin PBXResourcesBuildPhase section */
		3D0122841C3B9290001FB7E2 /* Resources */ = {
			isa = PBXResourcesBuildPhase;
			buildActionMask = 2147483647;
			files = (
				3D01228C1C3B9290001FB7E2 /* Assets.xcassets in Resources */,
				3D01228F1C3B9290001FB7E2 /* MainMenu.xib in Resources */,
				3D9EFC3A1C44CE10006B44B5 /* Mute_Metal.aiff in Resources */,
			);
			runOnlyForDeploymentPostprocessing = 0;
		};
		3D0122931C3B9290001FB7E2 /* Resources */ = {
			isa = PBXResourcesBuildPhase;
			buildActionMask = 2147483647;
			files = (
			);
			runOnlyForDeploymentPostprocessing = 0;
		};
		3D01229E1C3B9290001FB7E2 /* Resources */ = {
			isa = PBXResourcesBuildPhase;
			buildActionMask = 2147483647;
			files = (
			);
			runOnlyForDeploymentPostprocessing = 0;
		};
/* End PBXResourcesBuildPhase section */

/* Begin PBXSourcesBuildPhase section */
		3D0122821C3B9290001FB7E2 /* Sources */ = {
			isa = PBXSourcesBuildPhase;
			buildActionMask = 2147483647;
			files = (
				3D7B91281C4DF0FB00684363 /* AudioController.swift in Sources */,
				3D0122B51C3B9B9C001FB7E2 /* MenuItem.swift in Sources */,
				3D0122B31C3B9343001FB7E2 /* StatusItemController.swift in Sources */,
				3D0122B71C3CD33A001FB7E2 /* Menu.swift in Sources */,
				3D01228A1C3B9290001FB7E2 /* AppDelegate.swift in Sources */,
				3D0122BB1C3CDB52001FB7E2 /* PomodoroController.swift in Sources */,
			);
			runOnlyForDeploymentPostprocessing = 0;
		};
		3D0122911C3B9290001FB7E2 /* Sources */ = {
			isa = PBXSourcesBuildPhase;
			buildActionMask = 2147483647;
			files = (
				3D01229A1C3B9290001FB7E2 /* PomodoroTests.swift in Sources */,
			);
			runOnlyForDeploymentPostprocessing = 0;
		};
		3D01229C1C3B9290001FB7E2 /* Sources */ = {
			isa = PBXSourcesBuildPhase;
			buildActionMask = 2147483647;
			files = (
				3D0122A51C3B9290001FB7E2 /* PomodoroUITests.swift in Sources */,
			);
			runOnlyForDeploymentPostprocessing = 0;
		};
/* End PBXSourcesBuildPhase section */

/* Begin PBXTargetDependency section */
		3D0122971C3B9290001FB7E2 /* PBXTargetDependency */ = {
			isa = PBXTargetDependency;
			target = 3D0122851C3B9290001FB7E2 /* Pomodoro */;
			targetProxy = 3D0122961C3B9290001FB7E2 /* PBXContainerItemProxy */;
		};
		3D0122A21C3B9290001FB7E2 /* PBXTargetDependency */ = {
			isa = PBXTargetDependency;
			target = 3D0122851C3B9290001FB7E2 /* Pomodoro */;
			targetProxy = 3D0122A11C3B9290001FB7E2 /* PBXContainerItemProxy */;
		};
/* End PBXTargetDependency section */

/* Begin PBXVariantGroup section */
		3D01228D1C3B9290001FB7E2 /* MainMenu.xib */ = {
			isa = PBXVariantGroup;
			children = (
				3D01228E1C3B9290001FB7E2 /* Base */,
			);
			name = MainMenu.xib;
			sourceTree = "<group>";
		};
/* End PBXVariantGroup section */

/* Begin XCBuildConfiguration section */
		3D0122A71C3B9290001FB7E2 /* Debug */ = {
			isa = XCBuildConfiguration;
			buildSettings = {
				ALWAYS_SEARCH_USER_PATHS = NO;
				CLANG_CXX_LANGUAGE_STANDARD = "gnu++0x";
				CLANG_CXX_LIBRARY = "libc++";
				CLANG_ENABLE_MODULES = YES;
				CLANG_ENABLE_OBJC_ARC = YES;
				CLANG_WARN_BOOL_CONVERSION = YES;
				CLANG_WARN_CONSTANT_CONVERSION = YES;
				CLANG_WARN_DIRECT_OBJC_ISA_USAGE = YES_ERROR;
				CLANG_WARN_EMPTY_BODY = YES;
				CLANG_WARN_ENUM_CONVERSION = YES;
				CLANG_WARN_INT_CONVERSION = YES;
				CLANG_WARN_OBJC_ROOT_CLASS = YES_ERROR;
				CLANG_WARN_UNREACHABLE_CODE = YES;
				CLANG_WARN__DUPLICATE_METHOD_MATCH = YES;
				CODE_SIGN_IDENTITY = "-";
				COPY_PHASE_STRIP = NO;
				DEBUG_INFORMATION_FORMAT = dwarf;
				ENABLE_STRICT_OBJC_MSGSEND = YES;
				ENABLE_TESTABILITY = YES;
				GCC_C_LANGUAGE_STANDARD = gnu99;
				GCC_DYNAMIC_NO_PIC = NO;
				GCC_NO_COMMON_BLOCKS = YES;
				GCC_OPTIMIZATION_LEVEL = 0;
				GCC_PREPROCESSOR_DEFINITIONS = (
					"DEBUG=1",
					"$(inherited)",
				);
				GCC_WARN_64_TO_32_BIT_CONVERSION = YES;
				GCC_WARN_ABOUT_RETURN_TYPE = YES_ERROR;
				GCC_WARN_UNDECLARED_SELECTOR = YES;
				GCC_WARN_UNINITIALIZED_AUTOS = YES_AGGRESSIVE;
				GCC_WARN_UNUSED_FUNCTION = YES;
				GCC_WARN_UNUSED_VARIABLE = YES;
				MACOSX_DEPLOYMENT_TARGET = 10.10;
				MTL_ENABLE_DEBUG_INFO = YES;
				ONLY_ACTIVE_ARCH = YES;
				SDKROOT = macosx;
				SWIFT_OPTIMIZATION_LEVEL = "-Onone";
			};
			name = Debug;
		};
		3D0122A81C3B9290001FB7E2 /* Release */ = {
			isa = XCBuildConfiguration;
			buildSettings = {
				ALWAYS_SEARCH_USER_PATHS = NO;
				CLANG_CXX_LANGUAGE_STANDARD = "gnu++0x";
				CLANG_CXX_LIBRARY = "libc++";
				CLANG_ENABLE_MODULES = YES;
				CLANG_ENABLE_OBJC_ARC = YES;
				CLANG_WARN_BOOL_CONVERSION = YES;
				CLANG_WARN_CONSTANT_CONVERSION = YES;
				CLANG_WARN_DIRECT_OBJC_ISA_USAGE = YES_ERROR;
				CLANG_WARN_EMPTY_BODY = YES;
				CLANG_WARN_ENUM_CONVERSION = YES;
				CLANG_WARN_INT_CONVERSION = YES;
				CLANG_WARN_OBJC_ROOT_CLASS = YES_ERROR;
				CLANG_WARN_UNREACHABLE_CODE = YES;
				CLANG_WARN__DUPLICATE_METHOD_MATCH = YES;
				CODE_SIGN_IDENTITY = "-";
				COPY_PHASE_STRIP = NO;
				DEBUG_INFORMATION_FORMAT = "dwarf-with-dsym";
				ENABLE_NS_ASSERTIONS = NO;
				ENABLE_STRICT_OBJC_MSGSEND = YES;
				GCC_C_LANGUAGE_STANDARD = gnu99;
				GCC_NO_COMMON_BLOCKS = YES;
				GCC_WARN_64_TO_32_BIT_CONVERSION = YES;
				GCC_WARN_ABOUT_RETURN_TYPE = YES_ERROR;
				GCC_WARN_UNDECLARED_SELECTOR = YES;
				GCC_WARN_UNINITIALIZED_AUTOS = YES_AGGRESSIVE;
				GCC_WARN_UNUSED_FUNCTION = YES;
				GCC_WARN_UNUSED_VARIABLE = YES;
				MACOSX_DEPLOYMENT_TARGET = 10.10;
				MTL_ENABLE_DEBUG_INFO = NO;
				SDKROOT = macosx;
			};
			name = Release;
		};
		3D0122AA1C3B9290001FB7E2 /* Debug */ = {
			isa = XCBuildConfiguration;
			buildSettings = {
				ASSETCATALOG_COMPILER_APPICON_NAME = AppIcon;
				COMBINE_HIDPI_IMAGES = YES;
				FRAMEWORK_SEARCH_PATHS = (
					"$(inherited)",
					"$(PROJECT_DIR)/Carthage/Build/Mac",
				);
				INFOPLIST_FILE = Pomodoro/Info.plist;
				LD_RUNPATH_SEARCH_PATHS = "$(inherited) @executable_path/../Frameworks";
				MACOSX_DEPLOYMENT_TARGET = 10.10;
				PRODUCT_BUNDLE_IDENTIFIER = com.danielrhammond.Pomodoro;
				PRODUCT_NAME = "$(TARGET_NAME)";
			};
			name = Debug;
		};
		3D0122AB1C3B9290001FB7E2 /* Release */ = {
			isa = XCBuildConfiguration;
			buildSettings = {
				ASSETCATALOG_COMPILER_APPICON_NAME = AppIcon;
				COMBINE_HIDPI_IMAGES = YES;
				FRAMEWORK_SEARCH_PATHS = (
					"$(inherited)",
					"$(PROJECT_DIR)/Carthage/Build/Mac",
				);
				INFOPLIST_FILE = Pomodoro/Info.plist;
				LD_RUNPATH_SEARCH_PATHS = "$(inherited) @executable_path/../Frameworks";
				MACOSX_DEPLOYMENT_TARGET = 10.10;
				PRODUCT_BUNDLE_IDENTIFIER = com.danielrhammond.Pomodoro;
				PRODUCT_NAME = "$(TARGET_NAME)";
			};
			name = Release;
		};
		3D0122AD1C3B9290001FB7E2 /* Debug */ = {
			isa = XCBuildConfiguration;
			buildSettings = {
				BUNDLE_LOADER = "$(TEST_HOST)";
				COMBINE_HIDPI_IMAGES = YES;
				INFOPLIST_FILE = PomodoroTests/Info.plist;
				LD_RUNPATH_SEARCH_PATHS = "$(inherited) @executable_path/../Frameworks @loader_path/../Frameworks";
				PRODUCT_BUNDLE_IDENTIFIER = com.danielrhammond.PomodoroTests;
				PRODUCT_NAME = "$(TARGET_NAME)";
				TEST_HOST = "$(BUILT_PRODUCTS_DIR)/Pomodoro.app/Contents/MacOS/Pomodoro";
			};
			name = Debug;
		};
		3D0122AE1C3B9290001FB7E2 /* Release */ = {
			isa = XCBuildConfiguration;
			buildSettings = {
				BUNDLE_LOADER = "$(TEST_HOST)";
				COMBINE_HIDPI_IMAGES = YES;
				INFOPLIST_FILE = PomodoroTests/Info.plist;
				LD_RUNPATH_SEARCH_PATHS = "$(inherited) @executable_path/../Frameworks @loader_path/../Frameworks";
				PRODUCT_BUNDLE_IDENTIFIER = com.danielrhammond.PomodoroTests;
				PRODUCT_NAME = "$(TARGET_NAME)";
				TEST_HOST = "$(BUILT_PRODUCTS_DIR)/Pomodoro.app/Contents/MacOS/Pomodoro";
			};
			name = Release;
		};
		3D0122B01C3B9290001FB7E2 /* Debug */ = {
			isa = XCBuildConfiguration;
			buildSettings = {
				COMBINE_HIDPI_IMAGES = YES;
				INFOPLIST_FILE = PomodoroUITests/Info.plist;
				LD_RUNPATH_SEARCH_PATHS = "$(inherited) @executable_path/../Frameworks @loader_path/../Frameworks";
				PRODUCT_BUNDLE_IDENTIFIER = com.danielrhammond.PomodoroUITests;
				PRODUCT_NAME = "$(TARGET_NAME)";
				TEST_TARGET_NAME = Pomodoro;
				USES_XCTRUNNER = YES;
			};
			name = Debug;
		};
		3D0122B11C3B9290001FB7E2 /* Release */ = {
			isa = XCBuildConfiguration;
			buildSettings = {
				COMBINE_HIDPI_IMAGES = YES;
				INFOPLIST_FILE = PomodoroUITests/Info.plist;
				LD_RUNPATH_SEARCH_PATHS = "$(inherited) @executable_path/../Frameworks @loader_path/../Frameworks";
				PRODUCT_BUNDLE_IDENTIFIER = com.danielrhammond.PomodoroUITests;
				PRODUCT_NAME = "$(TARGET_NAME)";
				TEST_TARGET_NAME = Pomodoro;
				USES_XCTRUNNER = YES;
			};
			name = Release;
		};
/* End XCBuildConfiguration section */

/* Begin XCConfigurationList section */
		3D0122811C3B9290001FB7E2 /* Build configuration list for PBXProject "Pomodoro" */ = {
			isa = XCConfigurationList;
			buildConfigurations = (
				3D0122A71C3B9290001FB7E2 /* Debug */,
				3D0122A81C3B9290001FB7E2 /* Release */,
			);
			defaultConfigurationIsVisible = 0;
			defaultConfigurationName = Release;
		};
		3D0122A91C3B9290001FB7E2 /* Build configuration list for PBXNativeTarget "Pomodoro" */ = {
			isa = XCConfigurationList;
			buildConfigurations = (
				3D0122AA1C3B9290001FB7E2 /* Debug */,
				3D0122AB1C3B9290001FB7E2 /* Release */,
			);
			defaultConfigurationIsVisible = 0;
			defaultConfigurationName = Release;
		};
		3D0122AC1C3B9290001FB7E2 /* Build configuration list for PBXNativeTarget "PomodoroTests" */ = {
			isa = XCConfigurationList;
			buildConfigurations = (
				3D0122AD1C3B9290001FB7E2 /* Debug */,
				3D0122AE1C3B9290001FB7E2 /* Release */,
			);
			defaultConfigurationIsVisible = 0;
			defaultConfigurationName = Release;
		};
		3D0122AF1C3B9290001FB7E2 /* Build configuration list for PBXNativeTarget "PomodoroUITests" */ = {
			isa = XCConfigurationList;
			buildConfigurations = (
				3D0122B01C3B9290001FB7E2 /* Debug */,
				3D0122B11C3B9290001FB7E2 /* Release */,
			);
			defaultConfigurationIsVisible = 0;
			defaultConfigurationName = Release;
		};
/* End XCConfigurationList section */
	};
	rootObject = 3D01227E1C3B9290001FB7E2 /* Project object */;
}
